# This file is automatically @generated by Poetry 1.7.0 and should not be changed by hand.

[[package]]
name = "dasbus"
version = "1.7"
description = "DBus library in Python 3"
optional = false
python-versions = ">=3.6"
files = [
    {file = "dasbus-1.7-py3-none-any.whl", hash = "sha256:0a9433e9e72c2c865fa2d5ef824ac4ef49b540cf57f6396e515c2f314e5c14cd"},
    {file = "dasbus-1.7.tar.gz", hash = "sha256:a8850d841adfe8ee5f7bb9f82cf449ab9b4950dc0633897071718e0d0036b6f6"},
]

[[package]]
name = "gbulb"
version = "0.6.4"
description = "GLib event loop for tulip (PEP 3156)"
optional = false
python-versions = ">=3.7"
files = [
    {file = "gbulb-0.6.4-py3-none-any.whl", hash = "sha256:31d64ede2e7aac8f871ce914f884b949e4891b1faa2ef45800db9eaa9c4b371b"},
    {file = "gbulb-0.6.4.tar.gz", hash = "sha256:4a6dddd9b8f958393e9ace60def7feacee6528136504bea3407e5ffe79f1a89f"},
]

[package.dependencies]
pygobject = ">=3.14.0"

[[package]]
name = "hupper"
version = "1.12"
description = "Integrated process monitor for developing and reloading daemons."
optional = false
python-versions = ">=3.7"
files = [
    {file = "hupper-1.12-py3-none-any.whl", hash = "sha256:b8bc41bb75939e816f30f118026d0ba99544af4d6992583df3b4813765af27ef"},
    {file = "hupper-1.12.tar.gz", hash = "sha256:18b1653d9832c9f8e7d3401986c7e7af2ae6783616be0bc406bfe0b14134a5c6"},
]

[package.extras]
docs = ["Sphinx", "pylons-sphinx-themes", "setuptools", "watchdog"]
testing = ["mock", "pytest", "pytest-cov", "watchdog"]

[[package]]
name = "pycairo"
version = "1.25.1"
description = "Python interface for cairo"
optional = false
python-versions = ">=3.8"
files = [
    {file = "pycairo-1.25.1-cp310-cp310-win32.whl", hash = "sha256:cacb5c2abbfdfc79c728ab261ff791511e4957b606c660f9b380975b678b728f"},
    {file = "pycairo-1.25.1-cp310-cp310-win_amd64.whl", hash = "sha256:109ebbeb5bbc510b726fc31251071264dec241e5084d0668f846d7e17e5af8e0"},
    {file = "pycairo-1.25.1-cp310-cp310-win_arm64.whl", hash = "sha256:b19269a8bf9ab5e3c617f2699bed00977fd02ff304339a233654456c0236f7c6"},
    {file = "pycairo-1.25.1-cp311-cp311-win32.whl", hash = "sha256:b10e58a3ce41e487aae15050b630742e880d4135cee7a69cee2c0ea2a0b4bd0a"},
    {file = "pycairo-1.25.1-cp311-cp311-win_amd64.whl", hash = "sha256:fcf5511b05a652a0ef87f626bf26bfc1b796a67f0d1bd40781c62986fb41c356"},
    {file = "pycairo-1.25.1-cp311-cp311-win_arm64.whl", hash = "sha256:4133ba3ef6d875aa1b16643dc0801846f463b8e78750f5308c41902dfeac5b9a"},
    {file = "pycairo-1.25.1-cp312-cp312-win32.whl", hash = "sha256:56fee2837a07ecd914f4fbf78ff59445f78becd658fe36125101925dd489eb94"},
    {file = "pycairo-1.25.1-cp312-cp312-win_amd64.whl", hash = "sha256:fb31eec2c41ec74e23dc0fc9feb4007b4c37f78ec76220ed92530b342e09821a"},
    {file = "pycairo-1.25.1-cp312-cp312-win_arm64.whl", hash = "sha256:27011d822952d7817130fc17f490de94328590bc8d45bdbca9ec4a47039fca22"},
    {file = "pycairo-1.25.1-cp38-cp38-win32.whl", hash = "sha256:9a7c5ed92fe87f60e9796777d5255f2df2deeb8ab1e3c296e67a1d8c9790808c"},
    {file = "pycairo-1.25.1-cp38-cp38-win_amd64.whl", hash = "sha256:48603ad31616140ad6fa097f13086d0ce8f29ead35ad6a215962f3b0496a5a70"},
    {file = "pycairo-1.25.1-cp39-cp39-win32.whl", hash = "sha256:97666c084e9eb1c08c7fd6d306d153767acdf03c0d80349ec55863cecd4138e0"},
    {file = "pycairo-1.25.1-cp39-cp39-win_amd64.whl", hash = "sha256:ac5437d140eccd97af12a618cc1ace0d9a85f1269f29e963751949f132828b21"},
    {file = "pycairo-1.25.1-cp39-cp39-win_arm64.whl", hash = "sha256:bda5d10adbf1f5eba6b524b5a70ccf7f659680b77e691ff94b312f25a6fcc91f"},
    {file = "pycairo-1.25.1.tar.gz", hash = "sha256:7e2be4fbc3b4536f16db7a11982cbf713e75069a4d73d44fe5a49b68423f5c0c"},
]

[[package]]
name = "pygobject"
version = "3.46.0"
description = "Python bindings for GObject Introspection"
optional = false
python-versions = ">=3.8, <4"
files = [
    {file = "PyGObject-3.46.0.tar.gz", hash = "sha256:481437b05af0a66b7c366ea052710eb3aacbb979d22d30b797f7ec29347ab1e6"},
]

[package.dependencies]
pycairo = ">=1.16,<2.0"

[metadata]
lock-version = "2.0"
python-versions = "^3.11"
content-hash = "9bedc550e90d602f544b401aa03dd69956b35b23ad5a5c1809343c9fc03d2d4d"
